
Microsoft Visual Studio Solution File, Format Version 12.00
# Visual Studio Version 17
VisualStudioVersion = 17.10.35027.167
MinimumVisualStudioVersion = 10.0.40219.1
Project("{9A19103F-16F7-4668-BE54-9A1E7A4F7556}") = "teste-atak", "teste-atak.csproj", "{A91C4B3D-5EF6-4892-B127-8D2C771E9094}"
EndProject
Global
	GlobalSection(SolutionConfigurationPlatforms) = preSolution
		Debug|Any CPU = Debug|Any CPU
		Debug|x64 = Debug|x64
		Release|Any CPU = Release|Any CPU
		Release|x64 = Release|x64
		win10-x64|Any CPU = win10-x64|Any CPU
		win10-x64|x64 = win10-x64|x64
	EndGlobalSection
	GlobalSection(ProjectConfigurationPlatforms) = postSolution
		{A91C4B3D-5EF6-4892-B127-8D2C771E9094}.Debug|Any CPU.ActiveCfg = Debug|Any CPU
		{A91C4B3D-5EF6-4892-B127-8D2C771E9094}.Debug|Any CPU.Build.0 = Debug|Any CPU
		{A91C4B3D-5EF6-4892-B127-8D2C771E9094}.Debug|x64.ActiveCfg = Debug|x64
		{A91C4B3D-5EF6-4892-B127-8D2C771E9094}.Debug|x64.Build.0 = Debug|x64
		{A91C4B3D-5EF6-4892-B127-8D2C771E9094}.Release|Any CPU.ActiveCfg = Release|Any CPU
		{A91C4B3D-5EF6-4892-B127-8D2C771E9094}.Release|Any CPU.Build.0 = Release|Any CPU
		{A91C4B3D-5EF6-4892-B127-8D2C771E9094}.Release|x64.ActiveCfg = Release|x64
		{A91C4B3D-5EF6-4892-B127-8D2C771E9094}.Release|x64.Build.0 = Release|x64
		{A91C4B3D-5EF6-4892-B127-8D2C771E9094}.win10-x64|Any CPU.ActiveCfg = win10-x64|Any CPU
		{A91C4B3D-5EF6-4892-B127-8D2C771E9094}.win10-x64|Any CPU.Build.0 = win10-x64|Any CPU
		{A91C4B3D-5EF6-4892-B127-8D2C771E9094}.win10-x64|x64.ActiveCfg = win10-x64|x64
		{A91C4B3D-5EF6-4892-B127-8D2C771E9094}.win10-x64|x64.Build.0 = win10-x64|x64
	EndGlobalSection
	GlobalSection(SolutionProperties) = preSolution
		HideSolutionNode = FALSE
	EndGlobalSection
	GlobalSection(ExtensibilityGlobals) = postSolution
		SolutionGuid = {E86B24E1-300A-492A-847D-E28177878308}
	EndGlobalSection
EndGlobal
